github.com/beevik/etree v1.8.1 h1:MchsAnqPGCGsfQezhwcouHPlAHlcAOqWpyCVZoyWfjU=
github.com/beevik/etree v1.8.1/go.mod h1:bh4zJxiIr62SOf9pRzN7UUYaEDa9HEKafK25+sLc0Gc=
github.com/cpuguy83/go-md2man/v2 v2.0.6/go.mod h1:oOW0eioCTA6cOiMLiUPZOpcVxMig6NIQQ7OS05n1F4g=
github.com/creack/pty v1.1.24 h1:bJrF4RRfyJnbTJqzRLHzcGaZK1NeM5kTC9jGgovnR1s=
github.com/creack/pty v1.1.24/go.mod h1:08sCNb52WyoAwi2QDyzUCTgcvVFhUzewun7wtTfvcwE=
github.com/inconshreveable/mousetrap v1.1.0 h1:wN+x4NVGpMsO7ErUn/mUI3vEoE6Jt13X2s0bqwp9tc8=
github.com/inconshreveable/mousetrap v1.1.0/go.mod h1:vpF70FUmC8bwa3OWnCshd2FqLfsEA9PFc4w1p2J65bw=
github.com/russross/blackfriday/v2 v2.1.0/go.mod h1:+Rmxgy9KzJVeS9/2gXHxylqXiyQDYRxCVz55jmeOWTM=
github.com/spf13/cobra v1.10.2 h1:DMTTonx5m65Ic0GOoRY2c16WCbHxOOw6xxezuLaBpcU=
github.com/spf13/cobra v1.10.2/go.mod h1:7C1pvHqHw5A4vrJfjNwvOdzYu0Gml16OCs2GRiTUUS4=
github.com/spf13/pflag v1.0.9 h1:9exaQaMOCwffKiiiYk6/BndUBv+iRViNW+4lEMi0PvY=
github.com/spf13/pflag v1.0.9/go.mod h1:McXfInJRrz4CZXVZOBLb0bTZqETkiAhM9Iw0y3An2Bg=
github.com/woozymasta/bcn v0.7.0 h1:C3LYmzOs2dvOnmRZ3Jswq7qYnZYYOyR1zouIpL0hZVk=
github.com/woozymasta/bcn v0.7.0/go.mod h1:DdgpNKTz4D7tnL1gfX91xUSbgvkrZoBLoXzB5U3DlUw=
github.com/woozymasta/lintkit v0.2.2 h1:ILTQ4sTf2UvTQ7567ROmv+4ZuJB+1VmKtikOWAP0tIU=
github.com/woozymasta/lintkit v0.2.2/go.mod h1:VKGsQVFUdIW9XYxHA3WJPHOKSGIGJ9O+S4vFb/nBd/k=
github.com/woozymasta/lzo v0.3.2 h1:YOTK3xjyFwmWv8lxieLZ33e/zZuU9/b+cnLWv2Gzuqs=
github.com/woozymasta/lzo v0.3.2/go.mod h1:atslvdCReG3PCslm/INvW6VmGp+GnHABHYG4ANDasvg=
github.com/woozymasta/lzss v0.2.0 h1:kSns5tkmcbyRE0woY/i0AcLc0DD1P0/tD3hY6Y/xtLs=
github.com/woozymasta/lzss v0.2.0/go.mod h1:3P9MZicG+a7UJ+4m4x+QWFgnvKI9Vgd7oobmu5DOFsw=
github.com/woozymasta/paa v0.5.0 h1:TZEjx5dCYGaB/KuyAaHSSLpeMLEk0EyY9lJQzKXeZoU=
github.com/woozymasta/paa v0.5.0/go.mod h1:/Iz8cq1Di5QM+BtvLGjSl2i8FFSTW01Hnka4Hfg3BrQ=
github.com/woozymasta/pathrules v0.1.3 h1:wZmu3BS82GlqayUkRyVVr1gc2hfVVfKSrkCE+/UEyMQ=
github.com/woozymasta/pathrules v0.1.3/go.mod h1:80PI6so6HaHEs1JKqYjI50NH/IUediJkdygKIfMbuIc=
github.com/woozymasta/pbo v0.3.0 h1:/VebiEAIj5/dD0CPh5sVtmLV6jESqBSIOMl6k808/Jo=
github.com/woozymasta/pbo v0.3.0/go.mod h1:aBbnDwVbW56+Yiiav4dGReGmBBTTPmSBYZAHzrMegsY=
github.com/woozymasta/rap v0.1.6 h1:62DVh4H3b+OyWLElrev33EqW1s1acuNuhqvjTjZ5VKk=
github.com/woozymasta/rap v0.1.6/go.mod h1:sbTFKIQWzDs+3e/7IG3mE4uE/MpYynpVrkoK45XyI/Y=
github.com/woozymasta/rvcfg v0.3.0 h1:1/TkLNWOks0uWGzxIQYAqJ5EPx9kfbqtV0whPpG4qHc=
github.com/woozymasta/rvcfg v0.3.0/go.mod h1:atDbJnnFwke5rLJLzACpvazEM7KML8WPaxlXoJmkaqg=
github.com/woozymasta/rvmat v0.4.0 h1:13U/hekvmZEsAAONx9ZXMlglT/bhOA1VdHlqLc7hxso=
github.com/woozymasta/rvmat v0.4.0/go.mod h1:BazhCGWk7wIqAZji+h97tmO3UpGN60teFs4mBy0yolA=
go.yaml.in/yaml/v3 v3.0.4/go.mod h1:DhzuOOF2ATzADvBadXxruRBLzYTpT36CKvDb3+aBEFg=
golang.org/x/sys v0.47.0 h1:o7XGOvZQCADBQQ4Y7VNq2dRWQR7JmOUW8Kxx4ZsNgWs=
golang.org/x/sys v0.47.0/go.mod h1:4GL1E5IUh+htKOUEOaiffhrAeqysfVGipDYzABqnCmw=
golang.org/x/term v0.35.0 h1:bZBVKBudEyhRcajGcNc3jIfWPqV4y/Kt2XcoigOWtDQ=
golang.org/x/term v0.35.0/go.mod h1:TPGtkTLesOwf2DE8CgVYiZinHAOuy5AYUYT1lENIZnA=
gopkg.in/check.v1 v0.0.0-20161208181325-20d25e280405 h1:yhCVgyC4o1eVCa2tZl7eS0r+SDo693bJlVdllGtEeKM=
gopkg.in/check.v1 v0.0.0-20161208181325-20d25e280405/go.mod h1:Co6ibVJAznAaIkqp8huTwlJQCZ016jof/cbN4VW5Yz0=
gopkg.in/yaml.v3 v3.0.1 h1:fxVm/GzAzEWqLHuvctI91KS9hhNmmWOoWu0XTYJS7CA=
gopkg.in/yaml.v3 v3.0.1/go.mod h1:K4uyk7z7BCEPqu6E+C64Yfv1cQ7kz7rIZviUmN+EgEM=
